# This file is automatically @generated by Cargo.
# It is not intended for manual editing.
version = 3

[[package]]
name = "libc"
version = "0.2.126"
source = "registry+https://github.com/rust-lang/crates.io-index"
checksum = "349d5a591cd28b49e1d1037471617a32ddcda5731b99419008085f72d5a53836"

[[package]]
name = "memmap2"
version = "0.5.4"
source = "registry+https://github.com/rust-lang/crates.io-index"
checksum = "d5172b50c23043ff43dd53e51392f36519d9b35a8f3a410d30ece5d1aedd58ae"
dependencies = [
 "libc",
]

[[package]]
name = "zoneminder-aidect"
version = "0.1.0"
dependencies = [
 "libc",
 "memmap2",
]
